
Microsoft Visual Studio Solution File, Format Version 12.00
# Visual Studio Version 16
VisualStudioVersion = 16.0.29503.13
MinimumVisualStudioVersion = 10.0.40219.1
Project("{FAE04EC0-301F-11D3-BF4B-00C04F79EFBC}") = "Neovolve.BuildScriptTest", "Neovolve.BuildScriptTest\Neovolve.BuildScriptTest.csproj", "{46F1C3DD-0EB2-441E-ABA9-D9CCB88C3502}"
EndProject
Project("{FAE04EC0-301F-11D3-BF4B-00C04F79EFBC}") = "Neovolve.BuildScriptTest.UnitTests", "Neovolve.BuildScriptTest.UnitTests\Neovolve.BuildScriptTest.UnitTests.csproj", "{319F513E-F6AF-4725-BD32-6A230DED0A14}"
EndProject
Global
	GlobalSection(SolutionConfigurationPlatforms) = preSolution
		Debug|Any CPU = Debug|Any CPU
		Release|Any CPU = Release|Any CPU
	EndGlobalSection
	GlobalSection(ProjectConfigurationPlatforms) = postSolution
		{46F1C3DD-0EB2-441E-ABA9-D9CCB88C3502}.Debug|Any CPU.ActiveCfg = Debug|Any CPU
		{46F1C3DD-0EB2-441E-ABA9-D9CCB88C3502}.Debug|Any CPU.Build.0 = Debug|Any CPU
		{46F1C3DD-0EB2-441E-ABA9-D9CCB88C3502}.Release|Any CPU.ActiveCfg = Release|Any CPU
		{46F1C3DD-0EB2-441E-ABA9-D9CCB88C3502}.Release|Any CPU.Build.0 = Release|Any CPU
		{319F513E-F6AF-4725-BD32-6A230DED0A14}.Debug|Any CPU.ActiveCfg = Debug|Any CPU
		{319F513E-F6AF-4725-BD32-6A230DED0A14}.Debug|Any CPU.Build.0 = Debug|Any CPU
		{319F513E-F6AF-4725-BD32-6A230DED0A14}.Release|Any CPU.ActiveCfg = Release|Any CPU
		{319F513E-F6AF-4725-BD32-6A230DED0A14}.Release|Any CPU.Build.0 = Release|Any CPU
	EndGlobalSection
	GlobalSection(SolutionProperties) = preSolution
		HideSolutionNode = FALSE
	EndGlobalSection
	GlobalSection(ExtensibilityGlobals) = postSolution
		SolutionGuid = {D92DAA27-FCE8-430E-9A32-8EBD58C2D41A}
	EndGlobalSection
EndGlobal
